<?xml version="1.0" encoding="utf-8"?>
<Project ToolsVersion="4.0" xmlns="http://schemas.microsoft.com/developer/msbuild/2003">
  <ItemGroup>
    <Filter Include="Header">
      <UniqueIdentifier>{1b83be04-c5f8-434a-a551-9b79c69eefcd}</UniqueIdentifier>
    </Filter>
    <Filter Include="Source">
      <UniqueIdentifier>{f29f1dc5-72a9-4005-8b7e-d21aef397764}</UniqueIdentifier>
    </Filter>
  </ItemGroup>
  <ItemGroup>
    <ClCompile Include="CNNHelper.cpp">
      <Filter>Source</Filter>
    </ClCompile>
    <ClCompile Include="NeuralNetwork.cpp">
      <Filter>Source</Filter>
    </ClCompile>
    <ClCompile Include="CudaNeuralNetwork.cpp">
      <Filter>Source</Filter>
    </ClCompile>
    <ClCompile Include="ImageData.cpp">
      <Filter>Source</Filter>
    </ClCompile>
    <ClCompile Include="Color.cpp">
      <Filter>Source</Filter>
    </ClCompile>
    <ClCompile Include="LinearModel.cpp">
      <Filter>Source</Filter>
    </ClCompile>
    <ClCompile Include="Rbf.cpp">
      <Filter>Source</Filter>
    </ClCompile>
  </ItemGroup>
  <ItemGroup>
    <ClInclude Include="kernel.h">
      <Filter>Header</Filter>
    </ClInclude>
    <ClInclude Include="CNNHelper.hpp">
      <Filter>Header</Filter>
    </ClInclude>
    <ClInclude Include="NeuralNetworkData.hpp">
      <Filter>Header</Filter>
    </ClInclude>
    <ClInclude Include="NeuralNetwork.hpp">
      <Filter>Header</Filter>
    </ClInclude>
    <ClInclude Include="NeuralSwapData.hpp">
      <Filter>Header</Filter>
    </ClInclude>
    <ClInclude Include="export.hpp">
      <Filter>Header</Filter>
    </ClInclude>
    <ClInclude Include="CudaNeuralNetwork.hpp">
      <Filter>Header</Filter>
    </ClInclude>
    <ClInclude Include="ImageData.hpp">
      <Filter>Header</Filter>
    </ClInclude>
    <ClInclude Include="Color.hpp">
      <Filter>Header</Filter>
    </ClInclude>
    <ClInclude Include="LinearModel.hpp">
      <Filter>Header</Filter>
    </ClInclude>
    <ClInclude Include="Vec.hpp">
      <Filter>Header</Filter>
    </ClInclude>
    <ClInclude Include="Rbf.hpp">
      <Filter>Header</Filter>
    </ClInclude>
  </ItemGroup>
  <ItemGroup>
    <CudaCompile Include="kernel.cu">
      <Filter>Source</Filter>
    </CudaCompile>
  </ItemGroup>
  <ItemGroup>
    <None Include="exports.def">
      <Filter>Header</Filter>
    </None>
  </ItemGroup>
</Project>